
Microsoft Visual Studio Solution File, Format Version 12.00
# Visual Studio Version 17
VisualStudioVersion = 17.13.35828.75
MinimumVisualStudioVersion = 10.0.40219.1
Project("{FAE04EC0-301F-11D3-BF4B-00C04F79EFBC}") = "CompanyEmployees", "CompanyEmployees\CompanyEmployees.csproj", "{F6B02DDF-6914-4D95-940B-80E8EE6769EF}"
EndProject
Project("{2150E333-8FDC-42A3-9474-1A3956D46DE8}") = "Solution Items", "Solution Items", "{02EA681E-C7D8-13C7-8484-4AC65E1B71E8}"
	ProjectSection(SolutionItems) = preProject
		.editorconfig = .editorconfig
	EndProjectSection
EndProject
Project("{FAE04EC0-301F-11D3-BF4B-00C04F79EFBC}") = "Contracts", "Contracts\Contracts.csproj", "{D77534B3-7D50-4663-9C5A-C84F85A18949}"
EndProject
Project("{FAE04EC0-301F-11D3-BF4B-00C04F79EFBC}") = "LoggerService", "LoggerService\LoggerService.csproj", "{23956338-4DA3-49A1-832D-68EDB97B1EF6}"
EndProject
Project("{FAE04EC0-301F-11D3-BF4B-00C04F79EFBC}") = "Entities", "Entities\Entities.csproj", "{5A1799D0-22C5-4379-8FC2-C10A7DD65A0F}"
EndProject
Project("{FAE04EC0-301F-11D3-BF4B-00C04F79EFBC}") = "Repository", "Repository\Repository.csproj", "{A0827068-3D5C-40AD-A273-178B6189ED9E}"
EndProject
Project("{FAE04EC0-301F-11D3-BF4B-00C04F79EFBC}") = "Service.Contracts", "Service.Contracts\Service.Contracts.csproj", "{40A5760F-B899-4B01-A52E-219E6178F78B}"
EndProject
Project("{FAE04EC0-301F-11D3-BF4B-00C04F79EFBC}") = "Service", "Service\Service.csproj", "{FCCD28B1-5C3F-40FB-9DD4-CCD99007851A}"
EndProject
Project("{FAE04EC0-301F-11D3-BF4B-00C04F79EFBC}") = "CompanyEmployees.Presentation", "CompanyEmployees.Presentation\CompanyEmployees.Presentation.csproj", "{2396520B-36F2-4E45-B82F-9B0B5D026EB2}"
EndProject
Project("{FAE04EC0-301F-11D3-BF4B-00C04F79EFBC}") = "Shared", "Shared\Shared.csproj", "{30651E0C-0FF9-4923-B789-483622C71833}"
EndProject
Global
	GlobalSection(SolutionConfigurationPlatforms) = preSolution
		Debug|Any CPU = Debug|Any CPU
		Release|Any CPU = Release|Any CPU
	EndGlobalSection
	GlobalSection(ProjectConfigurationPlatforms) = postSolution
		{F6B02DDF-6914-4D95-940B-80E8EE6769EF}.Debug|Any CPU.ActiveCfg = Debug|Any CPU
		{F6B02DDF-6914-4D95-940B-80E8EE6769EF}.Debug|Any CPU.Build.0 = Debug|Any CPU
		{F6B02DDF-6914-4D95-940B-80E8EE6769EF}.Release|Any CPU.ActiveCfg = Release|Any CPU
		{F6B02DDF-6914-4D95-940B-80E8EE6769EF}.Release|Any CPU.Build.0 = Release|Any CPU
		{D77534B3-7D50-4663-9C5A-C84F85A18949}.Debug|Any CPU.ActiveCfg = Debug|Any CPU
		{D77534B3-7D50-4663-9C5A-C84F85A18949}.Debug|Any CPU.Build.0 = Debug|Any CPU
		{D77534B3-7D50-4663-9C5A-C84F85A18949}.Release|Any CPU.ActiveCfg = Release|Any CPU
		{D77534B3-7D50-4663-9C5A-C84F85A18949}.Release|Any CPU.Build.0 = Release|Any CPU
		{23956338-4DA3-49A1-832D-68EDB97B1EF6}.Debug|Any CPU.ActiveCfg = Debug|Any CPU
		{23956338-4DA3-49A1-832D-68EDB97B1EF6}.Debug|Any CPU.Build.0 = Debug|Any CPU
		{23956338-4DA3-49A1-832D-68EDB97B1EF6}.Release|Any CPU.ActiveCfg = Release|Any CPU
		{23956338-4DA3-49A1-832D-68EDB97B1EF6}.Release|Any CPU.Build.0 = Release|Any CPU
		{5A1799D0-22C5-4379-8FC2-C10A7DD65A0F}.Debug|Any CPU.ActiveCfg = Debug|Any CPU
		{5A1799D0-22C5-4379-8FC2-C10A7DD65A0F}.Debug|Any CPU.Build.0 = Debug|Any CPU
		{5A1799D0-22C5-4379-8FC2-C10A7DD65A0F}.Release|Any CPU.ActiveCfg = Release|Any CPU
		{5A1799D0-22C5-4379-8FC2-C10A7DD65A0F}.Release|Any CPU.Build.0 = Release|Any CPU
		{A0827068-3D5C-40AD-A273-178B6189ED9E}.Debug|Any CPU.ActiveCfg = Debug|Any CPU
		{A0827068-3D5C-40AD-A273-178B6189ED9E}.Debug|Any CPU.Build.0 = Debug|Any CPU
		{A0827068-3D5C-40AD-A273-178B6189ED9E}.Release|Any CPU.ActiveCfg = Release|Any CPU
		{A0827068-3D5C-40AD-A273-178B6189ED9E}.Release|Any CPU.Build.0 = Release|Any CPU
		{40A5760F-B899-4B01-A52E-219E6178F78B}.Debug|Any CPU.ActiveCfg = Debug|Any CPU
		{40A5760F-B899-4B01-A52E-219E6178F78B}.Debug|Any CPU.Build.0 = Debug|Any CPU
		{40A5760F-B899-4B01-A52E-219E6178F78B}.Release|Any CPU.ActiveCfg = Release|Any CPU
		{40A5760F-B899-4B01-A52E-219E6178F78B}.Release|Any CPU.Build.0 = Release|Any CPU
		{FCCD28B1-5C3F-40FB-9DD4-CCD99007851A}.Debug|Any CPU.ActiveCfg = Debug|Any CPU
		{FCCD28B1-5C3F-40FB-9DD4-CCD99007851A}.Debug|Any CPU.Build.0 = Debug|Any CPU
		{FCCD28B1-5C3F-40FB-9DD4-CCD99007851A}.Release|Any CPU.ActiveCfg = Release|Any CPU
		{FCCD28B1-5C3F-40FB-9DD4-CCD99007851A}.Release|Any CPU.Build.0 = Release|Any CPU
		{2396520B-36F2-4E45-B82F-9B0B5D026EB2}.Debug|Any CPU.ActiveCfg = Debug|Any CPU
		{2396520B-36F2-4E45-B82F-9B0B5D026EB2}.Debug|Any CPU.Build.0 = Debug|Any CPU
		{2396520B-36F2-4E45-B82F-9B0B5D026EB2}.Release|Any CPU.ActiveCfg = Release|Any CPU
		{2396520B-36F2-4E45-B82F-9B0B5D026EB2}.Release|Any CPU.Build.0 = Release|Any CPU
		{30651E0C-0FF9-4923-B789-483622C71833}.Debug|Any CPU.ActiveCfg = Debug|Any CPU
		{30651E0C-0FF9-4923-B789-483622C71833}.Debug|Any CPU.Build.0 = Debug|Any CPU
		{30651E0C-0FF9-4923-B789-483622C71833}.Release|Any CPU.ActiveCfg = Release|Any CPU
		{30651E0C-0FF9-4923-B789-483622C71833}.Release|Any CPU.Build.0 = Release|Any CPU
	EndGlobalSection
	GlobalSection(SolutionProperties) = preSolution
		HideSolutionNode = FALSE
	EndGlobalSection
	GlobalSection(ExtensibilityGlobals) = postSolution
		SolutionGuid = {5840A2B5-081B-4482-BF5C-3A9BD52B844E}
	EndGlobalSection
EndGlobal
